
Microsoft Visual Studio Solution File, Format Version 12.00
# Visual Studio Version 17
VisualStudioVersion = 17.10.35201.131
MinimumVisualStudioVersion = 10.0.40219.1
Project("{FAE04EC0-301F-11D3-BF4B-00C04F79EFBC}") = "aura-skin", "aura-skin\aura-skin.csproj", "{20ED6B91-9424-490D-B26D-29A10E35D993}"
EndProject
Project("{2150E333-8FDC-42A3-9474-1A3956D46DE8}") = "UserControls", "UserControls", "{46518A14-1A44-4B5A-815B-D97C7B9294C9}"
EndProject
Project("{FAE04EC0-301F-11D3-BF4B-00C04F79EFBC}") = "RoundedBorderControl", "RoundedBorderControl\RoundedBorderControl.csproj", "{35E59D9F-4311-42C9-882C-D97078191FB1}"
EndProject
Project("{FAE04EC0-301F-11D3-BF4B-00C04F79EFBC}") = "GradientButtonRadiusControl", "GradientButtonRadiusControl\GradientButtonRadiusControl.csproj", "{0F05B640-D0E9-41FA-A546-05FA61DD5FED}"
EndProject
Project("{FAE04EC0-301F-11D3-BF4B-00C04F79EFBC}") = "GradientPanelRadiusControl", "GradientPanelRadiusControl\GradientPanelRadiusControl.csproj", "{CE0D36B4-6432-441D-92E2-A23DCDF3981C}"
EndProject
Project("{2150E333-8FDC-42A3-9474-1A3956D46DE8}") = "ListMainPanel", "ListMainPanel", "{6F9118C7-3B36-428F-AE82-34255D47BEB9}"
EndProject
Project("{FAE04EC0-301F-11D3-BF4B-00C04F79EFBC}") = "TabControlRadiusControl", "TabControlRadiusControl\TabControlRadiusControl.csproj", "{1CBF2F01-352F-4311-8B77-D51B83FD6861}"
EndProject
Project("{FAE04EC0-301F-11D3-BF4B-00C04F79EFBC}") = "PanelBanHangControl", "PanelBanHangControl\PanelBanHangControl.csproj", "{AEC3A433-3FE7-4C49-A08D-225B2E3182FE}"
EndProject
Project("{FAE04EC0-301F-11D3-BF4B-00C04F79EFBC}") = "PanelNhanVienControl", "PanelNhanVienControl\PanelNhanVienControl.csproj", "{06FA2889-481C-439A-A965-1B889905C1FD}"
EndProject
Project("{FAE04EC0-301F-11D3-BF4B-00C04F79EFBC}") = "PanelSanPhamControl", "PanelSanPhamControl\PanelSanPhamControl.csproj", "{B91DE57D-ABAD-4261-910D-2E7E4EF387D4}"
EndProject
Project("{FAE04EC0-301F-11D3-BF4B-00C04F79EFBC}") = "PanelSaleControl", "PanelSaleControl\PanelSaleControl.csproj", "{B4E8D9A2-63DB-418F-9D83-FE38691BBE90}"
EndProject
Project("{FAE04EC0-301F-11D3-BF4B-00C04F79EFBC}") = "PanelSupplierControl", "PanelSupplierControl\PanelSupplierControl.csproj", "{A99DEA09-1B03-4E90-BBD1-341ADAE3C2E1}"
EndProject
Project("{FAE04EC0-301F-11D3-BF4B-00C04F79EFBC}") = "PanelCustomerControl", "PanelCustomerControl\PanelCustomerControl.csproj", "{C84DCDE3-7B93-4FD2-A3E5-1AB642AA1B05}"
EndProject
Project("{FAE04EC0-301F-11D3-BF4B-00C04F79EFBC}") = "PanelOrdersControl", "PanelOrdersControl\PanelOrdersControl.csproj", "{004D0B31-0159-4DEB-91E8-9640CA42D9AC}"
EndProject
Project("{FAE04EC0-301F-11D3-BF4B-00C04F79EFBC}") = "PanelPhieuNhapControl", "PanelPhieuNhapControl\PanelPhieuNhapControl.csproj", "{E7F97B9F-2147-4C49-9780-D16FD6C20DC7}"
EndProject
Global
	GlobalSection(SolutionConfigurationPlatforms) = preSolution
		Debug|Any CPU = Debug|Any CPU
		Release|Any CPU = Release|Any CPU
	EndGlobalSection
	GlobalSection(ProjectConfigurationPlatforms) = postSolution
		{20ED6B91-9424-490D-B26D-29A10E35D993}.Debug|Any CPU.ActiveCfg = Debug|Any CPU
		{20ED6B91-9424-490D-B26D-29A10E35D993}.Debug|Any CPU.Build.0 = Debug|Any CPU
		{20ED6B91-9424-490D-B26D-29A10E35D993}.Release|Any CPU.ActiveCfg = Release|Any CPU
		{20ED6B91-9424-490D-B26D-29A10E35D993}.Release|Any CPU.Build.0 = Release|Any CPU
		{35E59D9F-4311-42C9-882C-D97078191FB1}.Debug|Any CPU.ActiveCfg = Debug|Any CPU
		{35E59D9F-4311-42C9-882C-D97078191FB1}.Debug|Any CPU.Build.0 = Debug|Any CPU
		{35E59D9F-4311-42C9-882C-D97078191FB1}.Release|Any CPU.ActiveCfg = Release|Any CPU
		{35E59D9F-4311-42C9-882C-D97078191FB1}.Release|Any CPU.Build.0 = Release|Any CPU
		{0F05B640-D0E9-41FA-A546-05FA61DD5FED}.Debug|Any CPU.ActiveCfg = Debug|Any CPU
		{0F05B640-D0E9-41FA-A546-05FA61DD5FED}.Debug|Any CPU.Build.0 = Debug|Any CPU
		{0F05B640-D0E9-41FA-A546-05FA61DD5FED}.Release|Any CPU.ActiveCfg = Release|Any CPU
		{0F05B640-D0E9-41FA-A546-05FA61DD5FED}.Release|Any CPU.Build.0 = Release|Any CPU
		{CE0D36B4-6432-441D-92E2-A23DCDF3981C}.Debug|Any CPU.ActiveCfg = Debug|Any CPU
		{CE0D36B4-6432-441D-92E2-A23DCDF3981C}.Debug|Any CPU.Build.0 = Debug|Any CPU
		{CE0D36B4-6432-441D-92E2-A23DCDF3981C}.Release|Any CPU.ActiveCfg = Release|Any CPU
		{CE0D36B4-6432-441D-92E2-A23DCDF3981C}.Release|Any CPU.Build.0 = Release|Any CPU
		{1CBF2F01-352F-4311-8B77-D51B83FD6861}.Debug|Any CPU.ActiveCfg = Debug|Any CPU
		{1CBF2F01-352F-4311-8B77-D51B83FD6861}.Debug|Any CPU.Build.0 = Debug|Any CPU
		{1CBF2F01-352F-4311-8B77-D51B83FD6861}.Release|Any CPU.ActiveCfg = Release|Any CPU
		{1CBF2F01-352F-4311-8B77-D51B83FD6861}.Release|Any CPU.Build.0 = Release|Any CPU
		{AEC3A433-3FE7-4C49-A08D-225B2E3182FE}.Debug|Any CPU.ActiveCfg = Debug|Any CPU
		{AEC3A433-3FE7-4C49-A08D-225B2E3182FE}.Debug|Any CPU.Build.0 = Debug|Any CPU
		{AEC3A433-3FE7-4C49-A08D-225B2E3182FE}.Release|Any CPU.ActiveCfg = Release|Any CPU
		{AEC3A433-3FE7-4C49-A08D-225B2E3182FE}.Release|Any CPU.Build.0 = Release|Any CPU
		{06FA2889-481C-439A-A965-1B889905C1FD}.Debug|Any CPU.ActiveCfg = Debug|Any CPU
		{06FA2889-481C-439A-A965-1B889905C1FD}.Debug|Any CPU.Build.0 = Debug|Any CPU
		{06FA2889-481C-439A-A965-1B889905C1FD}.Release|Any CPU.ActiveCfg = Release|Any CPU
		{06FA2889-481C-439A-A965-1B889905C1FD}.Release|Any CPU.Build.0 = Release|Any CPU
		{B91DE57D-ABAD-4261-910D-2E7E4EF387D4}.Debug|Any CPU.ActiveCfg = Debug|Any CPU
		{B91DE57D-ABAD-4261-910D-2E7E4EF387D4}.Debug|Any CPU.Build.0 = Debug|Any CPU
		{B91DE57D-ABAD-4261-910D-2E7E4EF387D4}.Release|Any CPU.ActiveCfg = Release|Any CPU
		{B91DE57D-ABAD-4261-910D-2E7E4EF387D4}.Release|Any CPU.Build.0 = Release|Any CPU
		{B4E8D9A2-63DB-418F-9D83-FE38691BBE90}.Debug|Any CPU.ActiveCfg = Debug|Any CPU
		{B4E8D9A2-63DB-418F-9D83-FE38691BBE90}.Debug|Any CPU.Build.0 = Debug|Any CPU
		{B4E8D9A2-63DB-418F-9D83-FE38691BBE90}.Release|Any CPU.ActiveCfg = Release|Any CPU
		{B4E8D9A2-63DB-418F-9D83-FE38691BBE90}.Release|Any CPU.Build.0 = Release|Any CPU
		{A99DEA09-1B03-4E90-BBD1-341ADAE3C2E1}.Debug|Any CPU.ActiveCfg = Debug|Any CPU
		{A99DEA09-1B03-4E90-BBD1-341ADAE3C2E1}.Debug|Any CPU.Build.0 = Debug|Any CPU
		{A99DEA09-1B03-4E90-BBD1-341ADAE3C2E1}.Release|Any CPU.ActiveCfg = Release|Any CPU
		{A99DEA09-1B03-4E90-BBD1-341ADAE3C2E1}.Release|Any CPU.Build.0 = Release|Any CPU
		{C84DCDE3-7B93-4FD2-A3E5-1AB642AA1B05}.Debug|Any CPU.ActiveCfg = Debug|Any CPU
		{C84DCDE3-7B93-4FD2-A3E5-1AB642AA1B05}.Debug|Any CPU.Build.0 = Debug|Any CPU
		{C84DCDE3-7B93-4FD2-A3E5-1AB642AA1B05}.Release|Any CPU.ActiveCfg = Release|Any CPU
		{C84DCDE3-7B93-4FD2-A3E5-1AB642AA1B05}.Release|Any CPU.Build.0 = Release|Any CPU
		{004D0B31-0159-4DEB-91E8-9640CA42D9AC}.Debug|Any CPU.ActiveCfg = Debug|Any CPU
		{004D0B31-0159-4DEB-91E8-9640CA42D9AC}.Debug|Any CPU.Build.0 = Debug|Any CPU
		{004D0B31-0159-4DEB-91E8-9640CA42D9AC}.Release|Any CPU.ActiveCfg = Release|Any CPU
		{004D0B31-0159-4DEB-91E8-9640CA42D9AC}.Release|Any CPU.Build.0 = Release|Any CPU
		{E7F97B9F-2147-4C49-9780-D16FD6C20DC7}.Debug|Any CPU.ActiveCfg = Debug|Any CPU
		{E7F97B9F-2147-4C49-9780-D16FD6C20DC7}.Debug|Any CPU.Build.0 = Debug|Any CPU
		{E7F97B9F-2147-4C49-9780-D16FD6C20DC7}.Release|Any CPU.ActiveCfg = Release|Any CPU
		{E7F97B9F-2147-4C49-9780-D16FD6C20DC7}.Release|Any CPU.Build.0 = Release|Any CPU
	EndGlobalSection
	GlobalSection(SolutionProperties) = preSolution
		HideSolutionNode = FALSE
	EndGlobalSection
	GlobalSection(NestedProjects) = preSolution
		{35E59D9F-4311-42C9-882C-D97078191FB1} = {46518A14-1A44-4B5A-815B-D97C7B9294C9}
		{0F05B640-D0E9-41FA-A546-05FA61DD5FED} = {46518A14-1A44-4B5A-815B-D97C7B9294C9}
		{CE0D36B4-6432-441D-92E2-A23DCDF3981C} = {46518A14-1A44-4B5A-815B-D97C7B9294C9}
		{6F9118C7-3B36-428F-AE82-34255D47BEB9} = {46518A14-1A44-4B5A-815B-D97C7B9294C9}
		{1CBF2F01-352F-4311-8B77-D51B83FD6861} = {46518A14-1A44-4B5A-815B-D97C7B9294C9}
		{AEC3A433-3FE7-4C49-A08D-225B2E3182FE} = {6F9118C7-3B36-428F-AE82-34255D47BEB9}
		{06FA2889-481C-439A-A965-1B889905C1FD} = {6F9118C7-3B36-428F-AE82-34255D47BEB9}
		{B91DE57D-ABAD-4261-910D-2E7E4EF387D4} = {6F9118C7-3B36-428F-AE82-34255D47BEB9}
		{B4E8D9A2-63DB-418F-9D83-FE38691BBE90} = {6F9118C7-3B36-428F-AE82-34255D47BEB9}
		{A99DEA09-1B03-4E90-BBD1-341ADAE3C2E1} = {6F9118C7-3B36-428F-AE82-34255D47BEB9}
		{C84DCDE3-7B93-4FD2-A3E5-1AB642AA1B05} = {6F9118C7-3B36-428F-AE82-34255D47BEB9}
		{004D0B31-0159-4DEB-91E8-9640CA42D9AC} = {6F9118C7-3B36-428F-AE82-34255D47BEB9}
		{E7F97B9F-2147-4C49-9780-D16FD6C20DC7} = {6F9118C7-3B36-428F-AE82-34255D47BEB9}
	EndGlobalSection
	GlobalSection(ExtensibilityGlobals) = postSolution
		SolutionGuid = {4451ADA1-07E0-447F-84B5-CC0DBE296547}
	EndGlobalSection
EndGlobal
