
Microsoft Visual Studio Solution File, Format Version 12.00
# Visual Studio Version 17
VisualStudioVersion = 17.10.35201.131
MinimumVisualStudioVersion = 10.0.40219.1
Project("{FAE04EC0-301F-11D3-BF4B-00C04F79EFBC}") = "aura-skin", "aura-skin\aura-skin.csproj", "{20ED6B91-9424-490D-B26D-29A10E35D993}"
EndProject
Global
	GlobalSection(SolutionConfigurationPlatforms) = preSolution
		Debug|Any CPU = Debug|Any CPU
		Release|Any CPU = Release|Any CPU
	EndGlobalSection
	GlobalSection(ProjectConfigurationPlatforms) = postSolution
		{20ED6B91-9424-490D-B26D-29A10E35D993}.Debug|Any CPU.ActiveCfg = Debug|Any CPU
		{20ED6B91-9424-490D-B26D-29A10E35D993}.Debug|Any CPU.Build.0 = Debug|Any CPU
		{20ED6B91-9424-490D-B26D-29A10E35D993}.Release|Any CPU.ActiveCfg = Release|Any CPU
		{20ED6B91-9424-490D-B26D-29A10E35D993}.Release|Any CPU.Build.0 = Release|Any CPU
	EndGlobalSection
	GlobalSection(SolutionProperties) = preSolution
		HideSolutionNode = FALSE
	EndGlobalSection
	GlobalSection(ExtensibilityGlobals) = postSolution
		SolutionGuid = {4451ADA1-07E0-447F-84B5-CC0DBE296547}
	EndGlobalSection
EndGlobal
