
Microsoft Visual Studio Solution File, Format Version 12.00
# Visual Studio Version 17
VisualStudioVersion = 17.10.35201.131
MinimumVisualStudioVersion = 10.0.40219.1
Project("{FAE04EC0-301F-11D3-BF4B-00C04F79EFBC}") = "AuraSkinGUI", "AuraSkinGUI\AuraSkinGUI.csproj", "{FE86B571-8EDE-4301-869C-B24F3D66EEFC}"
EndProject
Project("{2150E333-8FDC-42A3-9474-1A3956D46DE8}") = "UserControls", "UserControls", "{F1E9DA97-C1D8-42E9-8A40-95828FD20D3B}"
EndProject
Project("{FAE04EC0-301F-11D3-BF4B-00C04F79EFBC}") = "AuraSkinDTO", "AuraSkinDTO\AuraSkinDTO.csproj", "{9AF97FCC-5107-4174-996E-75C8B4EC030C}"
EndProject
Project("{FAE04EC0-301F-11D3-BF4B-00C04F79EFBC}") = "Control_Login", "Control_Login\Control_Login.csproj", "{80DE903B-A14D-4E1C-B319-671C5EC444F6}"
EndProject
Project("{FAE04EC0-301F-11D3-BF4B-00C04F79EFBC}") = "Register", "Register\Register.csproj", "{6C88B09D-2689-4268-8892-9B56DF83A0CE}"
EndProject
Project("{FAE04EC0-301F-11D3-BF4B-00C04F79EFBC}") = "UCButtonMenu", "UCButtonMenu\UCButtonMenu.csproj", "{8F85B138-20AF-4CD8-AB46-7AD010FA24BA}"
EndProject
Project("{FAE04EC0-301F-11D3-BF4B-00C04F79EFBC}") = "PanelBanHang", "PanelBanHang\PanelBanHang.csproj", "{A8981105-4D7B-49B3-9E1A-514627FDE12B}"
EndProject
Project("{FAE04EC0-301F-11D3-BF4B-00C04F79EFBC}") = "PanelKhuyenMai", "PanelKhuyenMai\PanelKhuyenMai.csproj", "{A5C98593-CBEB-42C7-AA00-1A47A1B59400}"
EndProject
Project("{FAE04EC0-301F-11D3-BF4B-00C04F79EFBC}") = "PanelNhanVien", "PanelNhanVien\PanelNhanVien.csproj", "{2A76A59C-8D9D-48C0-B46F-18A71B1427E0}"
EndProject
Project("{FAE04EC0-301F-11D3-BF4B-00C04F79EFBC}") = "PanelKhachHang", "PanelKhachHang\PanelKhachHang.csproj", "{3A5F7F5B-0A2A-4294-BBD7-DB64E3B56FF3}"
EndProject
Global
	GlobalSection(SolutionConfigurationPlatforms) = preSolution
		Debug|Any CPU = Debug|Any CPU
		Release|Any CPU = Release|Any CPU
	EndGlobalSection
	GlobalSection(ProjectConfigurationPlatforms) = postSolution
		{FE86B571-8EDE-4301-869C-B24F3D66EEFC}.Debug|Any CPU.ActiveCfg = Debug|Any CPU
		{FE86B571-8EDE-4301-869C-B24F3D66EEFC}.Debug|Any CPU.Build.0 = Debug|Any CPU
		{FE86B571-8EDE-4301-869C-B24F3D66EEFC}.Release|Any CPU.ActiveCfg = Release|Any CPU
		{FE86B571-8EDE-4301-869C-B24F3D66EEFC}.Release|Any CPU.Build.0 = Release|Any CPU
		{9AF97FCC-5107-4174-996E-75C8B4EC030C}.Debug|Any CPU.ActiveCfg = Debug|Any CPU
		{9AF97FCC-5107-4174-996E-75C8B4EC030C}.Debug|Any CPU.Build.0 = Debug|Any CPU
		{9AF97FCC-5107-4174-996E-75C8B4EC030C}.Release|Any CPU.ActiveCfg = Release|Any CPU
		{9AF97FCC-5107-4174-996E-75C8B4EC030C}.Release|Any CPU.Build.0 = Release|Any CPU
		{80DE903B-A14D-4E1C-B319-671C5EC444F6}.Debug|Any CPU.ActiveCfg = Debug|Any CPU
		{80DE903B-A14D-4E1C-B319-671C5EC444F6}.Debug|Any CPU.Build.0 = Debug|Any CPU
		{80DE903B-A14D-4E1C-B319-671C5EC444F6}.Release|Any CPU.ActiveCfg = Release|Any CPU
		{80DE903B-A14D-4E1C-B319-671C5EC444F6}.Release|Any CPU.Build.0 = Release|Any CPU
		{6C88B09D-2689-4268-8892-9B56DF83A0CE}.Debug|Any CPU.ActiveCfg = Debug|Any CPU
		{6C88B09D-2689-4268-8892-9B56DF83A0CE}.Debug|Any CPU.Build.0 = Debug|Any CPU
		{6C88B09D-2689-4268-8892-9B56DF83A0CE}.Release|Any CPU.ActiveCfg = Release|Any CPU
		{6C88B09D-2689-4268-8892-9B56DF83A0CE}.Release|Any CPU.Build.0 = Release|Any CPU
		{8F85B138-20AF-4CD8-AB46-7AD010FA24BA}.Debug|Any CPU.ActiveCfg = Debug|Any CPU
		{8F85B138-20AF-4CD8-AB46-7AD010FA24BA}.Debug|Any CPU.Build.0 = Debug|Any CPU
		{8F85B138-20AF-4CD8-AB46-7AD010FA24BA}.Release|Any CPU.ActiveCfg = Release|Any CPU
		{8F85B138-20AF-4CD8-AB46-7AD010FA24BA}.Release|Any CPU.Build.0 = Release|Any CPU
		{A8981105-4D7B-49B3-9E1A-514627FDE12B}.Debug|Any CPU.ActiveCfg = Debug|Any CPU
		{A8981105-4D7B-49B3-9E1A-514627FDE12B}.Debug|Any CPU.Build.0 = Debug|Any CPU
		{A8981105-4D7B-49B3-9E1A-514627FDE12B}.Release|Any CPU.ActiveCfg = Release|Any CPU
		{A8981105-4D7B-49B3-9E1A-514627FDE12B}.Release|Any CPU.Build.0 = Release|Any CPU
		{A5C98593-CBEB-42C7-AA00-1A47A1B59400}.Debug|Any CPU.ActiveCfg = Debug|Any CPU
		{A5C98593-CBEB-42C7-AA00-1A47A1B59400}.Debug|Any CPU.Build.0 = Debug|Any CPU
		{A5C98593-CBEB-42C7-AA00-1A47A1B59400}.Release|Any CPU.ActiveCfg = Release|Any CPU
		{A5C98593-CBEB-42C7-AA00-1A47A1B59400}.Release|Any CPU.Build.0 = Release|Any CPU
		{2A76A59C-8D9D-48C0-B46F-18A71B1427E0}.Debug|Any CPU.ActiveCfg = Debug|Any CPU
		{2A76A59C-8D9D-48C0-B46F-18A71B1427E0}.Debug|Any CPU.Build.0 = Debug|Any CPU
		{2A76A59C-8D9D-48C0-B46F-18A71B1427E0}.Release|Any CPU.ActiveCfg = Release|Any CPU
		{2A76A59C-8D9D-48C0-B46F-18A71B1427E0}.Release|Any CPU.Build.0 = Release|Any CPU
		{3A5F7F5B-0A2A-4294-BBD7-DB64E3B56FF3}.Debug|Any CPU.ActiveCfg = Debug|Any CPU
		{3A5F7F5B-0A2A-4294-BBD7-DB64E3B56FF3}.Debug|Any CPU.Build.0 = Debug|Any CPU
		{3A5F7F5B-0A2A-4294-BBD7-DB64E3B56FF3}.Release|Any CPU.ActiveCfg = Release|Any CPU
		{3A5F7F5B-0A2A-4294-BBD7-DB64E3B56FF3}.Release|Any CPU.Build.0 = Release|Any CPU
	EndGlobalSection
	GlobalSection(SolutionProperties) = preSolution
		HideSolutionNode = FALSE
	EndGlobalSection
	GlobalSection(NestedProjects) = preSolution
		{80DE903B-A14D-4E1C-B319-671C5EC444F6} = {F1E9DA97-C1D8-42E9-8A40-95828FD20D3B}
		{6C88B09D-2689-4268-8892-9B56DF83A0CE} = {F1E9DA97-C1D8-42E9-8A40-95828FD20D3B}
		{8F85B138-20AF-4CD8-AB46-7AD010FA24BA} = {F1E9DA97-C1D8-42E9-8A40-95828FD20D3B}
		{A8981105-4D7B-49B3-9E1A-514627FDE12B} = {F1E9DA97-C1D8-42E9-8A40-95828FD20D3B}
		{A5C98593-CBEB-42C7-AA00-1A47A1B59400} = {F1E9DA97-C1D8-42E9-8A40-95828FD20D3B}
		{2A76A59C-8D9D-48C0-B46F-18A71B1427E0} = {F1E9DA97-C1D8-42E9-8A40-95828FD20D3B}
		{3A5F7F5B-0A2A-4294-BBD7-DB64E3B56FF3} = {F1E9DA97-C1D8-42E9-8A40-95828FD20D3B}
	EndGlobalSection
	GlobalSection(ExtensibilityGlobals) = postSolution
		SolutionGuid = {5EC2A8BE-0237-4819-B337-8D300BAF5603}
	EndGlobalSection
EndGlobal
